Microsoft Visual Studio Solution File, Format Version 12.00
# Visual Studio 2013
VisualStudioVersion = 12.0.21005.1
MinimumVisualStudioVersion = 10.0.40219.1
Project("{FAE04EC0-301F-11D3-BF4B-00C04F79EFBC}") = "GoogleMusicManagerCLI", "GoogleMusicManagerCLI\GoogleMusicManagerCLI.csproj", "{405DF406-0823-446F-AECE-B9CD7E531696}"
EndProject
Project("{FAE04EC0-301F-11D3-BF4B-00C04F79EFBC}") = "GoogleMusicManagerAPI", "GoogleMusicManagerAPI\GoogleMusicManagerAPI.csproj", "{72020777-7067-4197-A7E8-D802AD03BC79}"
EndProject
Project("{FAE04EC0-301F-11D3-BF4B-00C04F79EFBC}") = "GoogleMusicDownloaderCLI", "GoogleMusicDownloaderCLI\GoogleMusicDownloaderCLI.csproj", "{B60EB42F-B71F-4386-B612-C8E860E86382}"
EndProject
Project("{FAE04EC0-301F-11D3-BF4B-00C04F79EFBC}") = "GoogleMusicManagerAPITests", "GoogleMusicManagerAPITests\GoogleMusicManagerAPITests.csproj", "{9595DD4C-83DC-4F4E-8DA4-FCE9E4A2697B}"
EndProject
Global
	GlobalSection(SolutionConfigurationPlatforms) = preSolution
		Debug|Any CPU = Debug|Any CPU
		Debug|ARM = Debug|ARM
		Debug|x64 = Debug|x64
		Debug|x86 = Debug|x86
		Release|Any CPU = Release|Any CPU
		Release|ARM = Release|ARM
		Release|x64 = Release|x64
		Release|x86 = Release|x86
	EndGlobalSection
	GlobalSection(ProjectConfigurationPlatforms) = postSolution
		{405DF406-0823-446F-AECE-B9CD7E531696}.Debug|Any CPU.ActiveCfg = Debug|Any CPU
		{405DF406-0823-446F-AECE-B9CD7E531696}.Debug|Any CPU.Build.0 = Debug|Any CPU
		{405DF406-0823-446F-AECE-B9CD7E531696}.Debug|ARM.ActiveCfg = Debug|Any CPU
		{405DF406-0823-446F-AECE-B9CD7E531696}.Debug|x64.ActiveCfg = Debug|Any CPU
		{405DF406-0823-446F-AECE-B9CD7E531696}.Debug|x86.ActiveCfg = Debug|Any CPU
		{405DF406-0823-446F-AECE-B9CD7E531696}.Release|Any CPU.ActiveCfg = Release|Any CPU
		{405DF406-0823-446F-AECE-B9CD7E531696}.Release|Any CPU.Build.0 = Release|Any CPU
		{405DF406-0823-446F-AECE-B9CD7E531696}.Release|ARM.ActiveCfg = Release|Any CPU
		{405DF406-0823-446F-AECE-B9CD7E531696}.Release|x64.ActiveCfg = Release|Any CPU
		{405DF406-0823-446F-AECE-B9CD7E531696}.Release|x86.ActiveCfg = Release|Any CPU
		{72020777-7067-4197-A7E8-D802AD03BC79}.Debug|Any CPU.ActiveCfg = Debug|Any CPU
		{72020777-7067-4197-A7E8-D802AD03BC79}.Debug|Any CPU.Build.0 = Debug|Any CPU
		{72020777-7067-4197-A7E8-D802AD03BC79}.Debug|ARM.ActiveCfg = Debug|Any CPU
		{72020777-7067-4197-A7E8-D802AD03BC79}.Debug|x64.ActiveCfg = Debug|Any CPU
		{72020777-7067-4197-A7E8-D802AD03BC79}.Debug|x86.ActiveCfg = Debug|Any CPU
		{72020777-7067-4197-A7E8-D802AD03BC79}.Release|Any CPU.ActiveCfg = Release|Any CPU
		{72020777-7067-4197-A7E8-D802AD03BC79}.Release|Any CPU.Build.0 = Release|Any CPU
		{72020777-7067-4197-A7E8-D802AD03BC79}.Release|ARM.ActiveCfg = Release|Any CPU
		{72020777-7067-4197-A7E8-D802AD03BC79}.Release|x64.ActiveCfg = Release|Any CPU
		{72020777-7067-4197-A7E8-D802AD03BC79}.Release|x86.ActiveCfg = Release|Any CPU
		{B60EB42F-B71F-4386-B612-C8E860E86382}.Debug|Any CPU.ActiveCfg = Debug|Any CPU
		{B60EB42F-B71F-4386-B612-C8E860E86382}.Debug|Any CPU.Build.0 = Debug|Any CPU
		{B60EB42F-B71F-4386-B612-C8E860E86382}.Debug|ARM.ActiveCfg = Debug|Any CPU
		{B60EB42F-B71F-4386-B612-C8E860E86382}.Debug|x64.ActiveCfg = Debug|Any CPU
		{B60EB42F-B71F-4386-B612-C8E860E86382}.Debug|x86.ActiveCfg = Debug|Any CPU
		{B60EB42F-B71F-4386-B612-C8E860E86382}.Release|Any CPU.ActiveCfg = Release|Any CPU
		{B60EB42F-B71F-4386-B612-C8E860E86382}.Release|Any CPU.Build.0 = Release|Any CPU
		{B60EB42F-B71F-4386-B612-C8E860E86382}.Release|ARM.ActiveCfg = Release|Any CPU
		{B60EB42F-B71F-4386-B612-C8E860E86382}.Release|x64.ActiveCfg = Release|Any CPU
		{B60EB42F-B71F-4386-B612-C8E860E86382}.Release|x86.ActiveCfg = Release|Any CPU
		{9595DD4C-83DC-4F4E-8DA4-FCE9E4A2697B}.Debug|Any CPU.ActiveCfg = Debug|Any CPU
		{9595DD4C-83DC-4F4E-8DA4-FCE9E4A2697B}.Debug|Any CPU.Build.0 = Debug|Any CPU
		{9595DD4C-83DC-4F4E-8DA4-FCE9E4A2697B}.Debug|ARM.ActiveCfg = Debug|Any CPU
		{9595DD4C-83DC-4F4E-8DA4-FCE9E4A2697B}.Debug|x64.ActiveCfg = Debug|Any CPU
		{9595DD4C-83DC-4F4E-8DA4-FCE9E4A2697B}.Debug|x86.ActiveCfg = Debug|Any CPU
		{9595DD4C-83DC-4F4E-8DA4-FCE9E4A2697B}.Release|Any CPU.ActiveCfg = Release|Any CPU
		{9595DD4C-83DC-4F4E-8DA4-FCE9E4A2697B}.Release|Any CPU.Build.0 = Release|Any CPU
		{9595DD4C-83DC-4F4E-8DA4-FCE9E4A2697B}.Release|ARM.ActiveCfg = Release|Any CPU
		{9595DD4C-83DC-4F4E-8DA4-FCE9E4A2697B}.Release|x64.ActiveCfg = Release|Any CPU
		{9595DD4C-83DC-4F4E-8DA4-FCE9E4A2697B}.Release|x86.ActiveCfg = Release|Any CPU
	EndGlobalSection
	GlobalSection(SolutionProperties) = preSolution
		HideSolutionNode = FALSE
	EndGlobalSection
EndGlobal
